
Microsoft Visual Studio Solution File, Format Version 12.00
# Visual Studio Version 17
VisualStudioVersion = 17.6.33723.286
MinimumVisualStudioVersion = 10.0.40219.1
Project("{9A19103F-16F7-4668-BE54-9A1E7A4F7556}") = "BetterPartyFinder", "BetterPartyFinder\BetterPartyFinder.csproj", "{3692974D-42C1-4590-AB61-3D94D26A0634}"
EndProject
Global
	GlobalSection(SolutionConfigurationPlatforms) = preSolution
		Debug|x64 = Debug|x64
		Release|x64 = Release|x64
	EndGlobalSection
	GlobalSection(ProjectConfigurationPlatforms) = postSolution
		{3692974D-42C1-4590-AB61-3D94D26A0634}.Debug|x64.ActiveCfg = Debug|x64
		{3692974D-42C1-4590-AB61-3D94D26A0634}.Debug|x64.Build.0 = Debug|x64
		{3692974D-42C1-4590-AB61-3D94D26A0634}.Release|x64.ActiveCfg = Release|x64
		{3692974D-42C1-4590-AB61-3D94D26A0634}.Release|x64.Build.0 = Release|x64
	EndGlobalSection
	GlobalSection(SolutionProperties) = preSolution
		HideSolutionNode = FALSE
	EndGlobalSection
	GlobalSection(ExtensibilityGlobals) = postSolution
		SolutionGuid = {F9B7B641-C4D3-4F92-8B93-5BBAC6CA5055}
	EndGlobalSection
EndGlobal
